
Microsoft Visual Studio Solution File, Format Version 12.00
# Visual Studio Version 17
VisualStudioVersion = 17.3.32929.385
MinimumVisualStudioVersion = 10.0.40219.1
Project("{FAE04EC0-301F-11D3-BF4B-00C04F79EFBC}") = "TrabalhoXML-AGRVAI", "TrabalhoXML-AGRVAI\TrabalhoXML-AGRVAI.csproj", "{34D957D8-840B-44B6-840F-18C96E4906A4}"
EndProject
Global
	GlobalSection(SolutionConfigurationPlatforms) = preSolution
		Debug|Any CPU = Debug|Any CPU
		Release|Any CPU = Release|Any CPU
	EndGlobalSection
	GlobalSection(ProjectConfigurationPlatforms) = postSolution
		{34D957D8-840B-44B6-840F-18C96E4906A4}.Debug|Any CPU.ActiveCfg = Debug|Any CPU
		{34D957D8-840B-44B6-840F-18C96E4906A4}.Debug|Any CPU.Build.0 = Debug|Any CPU
		{34D957D8-840B-44B6-840F-18C96E4906A4}.Release|Any CPU.ActiveCfg = Release|Any CPU
		{34D957D8-840B-44B6-840F-18C96E4906A4}.Release|Any CPU.Build.0 = Release|Any CPU
	EndGlobalSection
	GlobalSection(SolutionProperties) = preSolution
		HideSolutionNode = FALSE
	EndGlobalSection
	GlobalSection(ExtensibilityGlobals) = postSolution
		SolutionGuid = {3507679A-D02C-4DF5-B7AA-C4F02313B3CF}
	EndGlobalSection
EndGlobal
